
Microsoft Visual Studio Solution File, Format Version 12.00
# Visual Studio 15
Project("{FAE04EC0-301F-11D3-BF4B-00C04F79EFBC}") = "Assembly-CSharp", "Assembly-CSharp.csproj", "{51D6F12D-6D4C-4430-FF7D-B6A1FCF8533F}"
EndProject
Project("{FAE04EC0-301F-11D3-BF4B-00C04F79EFBC}") = "Assembly-CSharp-Editor", "Assembly-CSharp-Editor.csproj", "{D78A6714-3A1D-3E5D-DF75-1FC2BCC58A0C}"
EndProject
Global
	GlobalSection(SolutionConfigurationPlatforms) = preSolution
		Debug|Any CPU = Debug|Any CPU
		Release|Any CPU = Release|Any CPU
	EndGlobalSection
	GlobalSection(ProjectConfigurationPlatforms) = postSolution
		{51D6F12D-6D4C-4430-FF7D-B6A1FCF8533F}.Debug|Any CPU.ActiveCfg = Debug|Any CPU
		{51D6F12D-6D4C-4430-FF7D-B6A1FCF8533F}.Debug|Any CPU.Build.0 = Debug|Any CPU
		{51D6F12D-6D4C-4430-FF7D-B6A1FCF8533F}.Release|Any CPU.ActiveCfg = Release|Any CPU
		{51D6F12D-6D4C-4430-FF7D-B6A1FCF8533F}.Release|Any CPU.Build.0 = Release|Any CPU
		{D78A6714-3A1D-3E5D-DF75-1FC2BCC58A0C}.Debug|Any CPU.ActiveCfg = Debug|Any CPU
		{D78A6714-3A1D-3E5D-DF75-1FC2BCC58A0C}.Debug|Any CPU.Build.0 = Debug|Any CPU
		{D78A6714-3A1D-3E5D-DF75-1FC2BCC58A0C}.Release|Any CPU.ActiveCfg = Release|Any CPU
		{D78A6714-3A1D-3E5D-DF75-1FC2BCC58A0C}.Release|Any CPU.Build.0 = Release|Any CPU
	EndGlobalSection
	GlobalSection(SolutionProperties) = preSolution
		HideSolutionNode = FALSE
	EndGlobalSection
EndGlobal
